
Microsoft Visual Studio Solution File, Format Version 12.00
# Visual Studio Version 16
VisualStudioVersion = 16.0.30611.23
MinimumVisualStudioVersion = 10.0.40219.1
Project("{FAE04EC0-301F-11D3-BF4B-00C04F79EFBC}") = "Core", "Core\Core.csproj", "{36DA6935-3DEB-4F79-B65E-33EE3EDA4ABD}"
EndProject
Project("{FAE04EC0-301F-11D3-BF4B-00C04F79EFBC}") = "DataAccess", "DataAccess\DataAccess.csproj", "{34553F35-8680-432A-8AC8-02BC82536B01}"
EndProject
Project("{FAE04EC0-301F-11D3-BF4B-00C04F79EFBC}") = "Entities", "Entities\Entities.csproj", "{A6738198-7C37-4E3B-9FA2-A876DD89D6EC}"
EndProject
Project("{FAE04EC0-301F-11D3-BF4B-00C04F79EFBC}") = "BusinessLogic", "BusinessLogic\BusinessLogic.csproj", "{43466389-10D0-4FEA-830E-44D2D3F29C46}"
EndProject
Project("{FAE04EC0-301F-11D3-BF4B-00C04F79EFBC}") = "ConsoleUI", "ConsoleUI\ConsoleUI.csproj", "{2643129E-D7F6-4627-AFE8-65F1EBD0B3B0}"
EndProject
Project("{FAE04EC0-301F-11D3-BF4B-00C04F79EFBC}") = "WfUI", "WfUI\WfUI.csproj", "{9F22788D-3431-4AE4-9723-760C8EC6FF62}"
EndProject
Global
	GlobalSection(SolutionConfigurationPlatforms) = preSolution
		Debug|Any CPU = Debug|Any CPU
		Release|Any CPU = Release|Any CPU
	EndGlobalSection
	GlobalSection(ProjectConfigurationPlatforms) = postSolution
		{36DA6935-3DEB-4F79-B65E-33EE3EDA4ABD}.Debug|Any CPU.ActiveCfg = Debug|Any CPU
		{36DA6935-3DEB-4F79-B65E-33EE3EDA4ABD}.Debug|Any CPU.Build.0 = Debug|Any CPU
		{36DA6935-3DEB-4F79-B65E-33EE3EDA4ABD}.Release|Any CPU.ActiveCfg = Release|Any CPU
		{36DA6935-3DEB-4F79-B65E-33EE3EDA4ABD}.Release|Any CPU.Build.0 = Release|Any CPU
		{34553F35-8680-432A-8AC8-02BC82536B01}.Debug|Any CPU.ActiveCfg = Debug|Any CPU
		{34553F35-8680-432A-8AC8-02BC82536B01}.Debug|Any CPU.Build.0 = Debug|Any CPU
		{34553F35-8680-432A-8AC8-02BC82536B01}.Release|Any CPU.ActiveCfg = Release|Any CPU
		{34553F35-8680-432A-8AC8-02BC82536B01}.Release|Any CPU.Build.0 = Release|Any CPU
		{A6738198-7C37-4E3B-9FA2-A876DD89D6EC}.Debug|Any CPU.ActiveCfg = Debug|Any CPU
		{A6738198-7C37-4E3B-9FA2-A876DD89D6EC}.Debug|Any CPU.Build.0 = Debug|Any CPU
		{A6738198-7C37-4E3B-9FA2-A876DD89D6EC}.Release|Any CPU.ActiveCfg = Release|Any CPU
		{A6738198-7C37-4E3B-9FA2-A876DD89D6EC}.Release|Any CPU.Build.0 = Release|Any CPU
		{43466389-10D0-4FEA-830E-44D2D3F29C46}.Debug|Any CPU.ActiveCfg = Debug|Any CPU
		{43466389-10D0-4FEA-830E-44D2D3F29C46}.Debug|Any CPU.Build.0 = Debug|Any CPU
		{43466389-10D0-4FEA-830E-44D2D3F29C46}.Release|Any CPU.ActiveCfg = Release|Any CPU
		{43466389-10D0-4FEA-830E-44D2D3F29C46}.Release|Any CPU.Build.0 = Release|Any CPU
		{2643129E-D7F6-4627-AFE8-65F1EBD0B3B0}.Debug|Any CPU.ActiveCfg = Debug|Any CPU
		{2643129E-D7F6-4627-AFE8-65F1EBD0B3B0}.Debug|Any CPU.Build.0 = Debug|Any CPU
		{2643129E-D7F6-4627-AFE8-65F1EBD0B3B0}.Release|Any CPU.ActiveCfg = Release|Any CPU
		{2643129E-D7F6-4627-AFE8-65F1EBD0B3B0}.Release|Any CPU.Build.0 = Release|Any CPU
		{9F22788D-3431-4AE4-9723-760C8EC6FF62}.Debug|Any CPU.ActiveCfg = Debug|Any CPU
		{9F22788D-3431-4AE4-9723-760C8EC6FF62}.Debug|Any CPU.Build.0 = Debug|Any CPU
		{9F22788D-3431-4AE4-9723-760C8EC6FF62}.Release|Any CPU.ActiveCfg = Release|Any CPU
		{9F22788D-3431-4AE4-9723-760C8EC6FF62}.Release|Any CPU.Build.0 = Release|Any CPU
	EndGlobalSection
	GlobalSection(SolutionProperties) = preSolution
		HideSolutionNode = FALSE
	EndGlobalSection
	GlobalSection(ExtensibilityGlobals) = postSolution
		SolutionGuid = {2C7220F0-2519-474E-B104-E41C6C3BD37C}
	EndGlobalSection
EndGlobal
